
Microsoft Visual Studio Solution File, Format Version 12.00
# Visual Studio 2012
Project("{FAE04EC0-301F-11D3-BF4B-00C04F79EFBC}") = "ClaseUno", "ClaseUno\ClaseUno.csproj", "{3616B8DE-2272-4997-9977-90A784BF43B7}"
EndProject
Project("{FAE04EC0-301F-11D3-BF4B-00C04F79EFBC}") = "primerEjercicio", "ClaseDos\primerEjercicio.csproj", "{83476CC7-9C69-472D-8509-1E20211972EC}"
EndProject
Project("{FAE04EC0-301F-11D3-BF4B-00C04F79EFBC}") = "ClaseTres", "ClaseTres\ClaseTres.csproj", "{C70DC809-6A43-4AE3-8A7B-39EFF66577EC}"
EndProject
Project("{FAE04EC0-301F-11D3-BF4B-00C04F79EFBC}") = "ClaseCuatro", "ClaseCuatro\ClaseCuatro\ClaseCuatro.csproj", "{038BC2CF-802F-4E7E-97B9-D07284E7B985}"
EndProject
Project("{FAE04EC0-301F-11D3-BF4B-00C04F79EFBC}") = "Entidades.Clases.ClaseCinco", "ClaseCinco\Entidades.Clases\Entidades.Clases\Entidades.Clases.ClaseCinco.csproj", "{64C4E999-B77E-4A69-8457-416EE8920403}"
EndProject
Project("{FAE04EC0-301F-11D3-BF4B-00C04F79EFBC}") = "AppPruebaLibrerias.ClaseCinco", "ClaseCinco\Entidades.Clases\AppPruebaLibrerias\AppPruebaLibrerias.ClaseCinco.csproj", "{101CE6FC-CFDD-47BF-8E21-4E0F4EAA17AB}"
EndProject
Project("{FAE04EC0-301F-11D3-BF4B-00C04F79EFBC}") = "PruebaWindowsForm", "ClaseSiete\PruebaWindowsForm\PruebaWindowsForm.csproj", "{CCE2E479-511C-4D6F-8EED-1A9E287294DC}"
EndProject
Project("{FAE04EC0-301F-11D3-BF4B-00C04F79EFBC}") = "TestPaletaWindowsForm", "ClaseSiete\TestPaletaWindowsForm\TestPaletaWindowsForm.csproj", "{8AE9EA3E-6676-4A48-8535-D9BEEC7D1250}"
EndProject
Project("{FAE04EC0-301F-11D3-BF4B-00C04F79EFBC}") = "ClaseSeisLibreriaa", "ClaseSeis\ClaseSeisLibreriaa\ClaseSeisLibreriaa.csproj", "{787AC469-E779-421F-A708-7488AAC8F9B7}"
EndProject
Project("{FAE04EC0-301F-11D3-BF4B-00C04F79EFBC}") = "ClaseSeis", "ClaseSeis\ClaseSeis\ClaseSeis.csproj", "{09A9918D-F516-4753-943F-A3868C4255BC}"
EndProject
Project("{FAE04EC0-301F-11D3-BF4B-00C04F79EFBC}") = "ClaseOcho.ClasesGenericas", "ClaseOcho\ClaseOcho.ClasesGenericas\ClaseOcho.ClasesGenericas.csproj", "{E30564CC-6EA2-45B1-AD78-4A28C3999EB8}"
EndProject
Project("{FAE04EC0-301F-11D3-BF4B-00C04F79EFBC}") = "LibreriaEjercicioHerencia.ClaseDiez", "LibreriaEjercicioHerencia.ClaseDiez\LibreriaEjercicioHerencia.ClaseDiez.csproj", "{AFA34AE0-942F-4A1A-85FC-28E94AACA605}"
EndProject
Project("{FAE04EC0-301F-11D3-BF4B-00C04F79EFBC}") = "CentralitaWindowsForms", "LibreriaEjercicioHerencia.ClaseDiez\CentralHerenciaClase10\CentralitaWindowsForms_starter\CentralitaWindowsForms\CentralitaWindowsForms.csproj", "{9C127181-9D8C-4D0A-8A53-C66D8C0F8480}"
EndProject
Project("{FAE04EC0-301F-11D3-BF4B-00C04F79EFBC}") = "ModeloParcialUnoLibreria", "ModeloParcialUnoLibreria\ModeloParcialUnoLibreria.csproj", "{9F39B620-A444-4784-9E54-387A36D1ACA9}"
EndProject
Project("{FAE04EC0-301F-11D3-BF4B-00C04F79EFBC}") = "ModeloParcialUnoConsola", "ModeloParcialUnoConsola\ModeloParcialUnoConsola.csproj", "{CBB2F1A6-03D5-4475-A979-D7833DB7932F}"
EndProject
Project("{FAE04EC0-301F-11D3-BF4B-00C04F79EFBC}") = "Centralita.V2", "Centralita.V2\Centralita.V2.csproj", "{01C9F46F-A3E6-465B-B017-71E7471E14B3}"
EndProject
Project("{FAE04EC0-301F-11D3-BF4B-00C04F79EFBC}") = "CentralitaWindowsForms.V2", "CentralitaWindowsForms_starter.V2\CentralitaWindowsForms.v2\CentralitaWindowsForms.V2.csproj", "{2EF66B5D-7A5A-42E8-998E-8FC465ABA6A6}"
EndProject
Project("{FAE04EC0-301F-11D3-BF4B-00C04F79EFBC}") = "Centralita.V3", "Centralita.V3\Centralita.V3.csproj", "{68BF14FA-5FB0-46F1-96D0-69411AB86F8C}"
EndProject
Project("{FAE04EC0-301F-11D3-BF4B-00C04F79EFBC}") = "CentralitaWindowsForms.V3", "FrmCentralita.V3\CentralitaWindowsForms.V3.csproj", "{7B82AD45-81C6-4E35-A9ED-44EA0267BEFD}"
EndProject
Project("{FAE04EC0-301F-11D3-BF4B-00C04F79EFBC}") = "ClaseTrece", "ClaseTrece\ClaseTrece.csproj", "{BFA22963-D046-4885-9FB8-0BFCA67109D4}"
EndProject
Project("{FAE04EC0-301F-11D3-BF4B-00C04F79EFBC}") = "ClaseTrece.Consola", "ClaseTrece.Consola\ClaseTrece.Consola.csproj", "{250E0E1D-F862-44DA-A3F2-98F9498F29E4}"
EndProject
Project("{FAE04EC0-301F-11D3-BF4B-00C04F79EFBC}") = "ClaseQuince.Deposito", "ClaseQuince.Deposito\ClaseQuince.Deposito.csproj", "{5E910094-295E-403F-93AD-35CFFB14ECA7}"
EndProject
Project("{FAE04EC0-301F-11D3-BF4B-00C04F79EFBC}") = "ClaseQuince.Deposito.Consola", "ClaseQuince.Deposito.Consola\ClaseQuince.Deposito.Consola.csproj", "{3719A114-4005-42A5-B59E-8869A21DC43F}"
EndProject
Project("{FAE04EC0-301F-11D3-BF4B-00C04F79EFBC}") = "ClaseQuince.TestUnitario", "ClaseQuince.TestUnitario\ClaseQuince.TestUnitario.csproj", "{019B9DD9-0735-443B-822F-ABAE44F1241E}"
EndProject
Project("{FAE04EC0-301F-11D3-BF4B-00C04F79EFBC}") = "ClaseDieciSeis", "ClaseDieciSeis\ClaseDieciSeis.csproj", "{D9C2E38D-7119-4118-9C7D-BC349AE46502}"
EndProject
Project("{FAE04EC0-301F-11D3-BF4B-00C04F79EFBC}") = "ClaseDiecinueve", "ClaseDiecinueve\ClaseDiecinueve.csproj", "{67DEA946-551B-4E68-A3E1-1120AB5DCBFF}"
EndProject
Project("{FAE04EC0-301F-11D3-BF4B-00C04F79EFBC}") = "ClaseDiecinueve.Consola", "ClaseDiecinueve.Consola\ClaseDiecinueve.Consola.csproj", "{EEE86EAE-0968-4E76-B533-FFE1EBD0F610}"
EndProject
Project("{FAE04EC0-301F-11D3-BF4B-00C04F79EFBC}") = "ClaseDiecinueve.WindowsForm", "ClaseDiecinueve.WindowsForm\ClaseDiecinueve.WindowsForm.csproj", "{69A8E7B3-C087-4B5D-B23A-8B1706CA431D}"
EndProject
Project("{FAE04EC0-301F-11D3-BF4B-00C04F79EFBC}") = "ClaseVeinte.Library", "ClaseVeinte.Library\ClaseVeinte.Library.csproj", "{E4D1A243-8B26-4152-BCEC-E452E259C134}"
EndProject
Project("{FAE04EC0-301F-11D3-BF4B-00C04F79EFBC}") = "ClaseVeinte.Consola", "ClaseVeinte.Consola\ClaseVeinte.Consola.csproj", "{AC92071C-4146-410C-9623-565E5520C3F9}"
EndProject
Project("{FAE04EC0-301F-11D3-BF4B-00C04F79EFBC}") = "ClaseVeinte.WForms", "ClaseVeinte.WForms\ClaseVeinte.WForms.csproj", "{CC43506A-80B7-473A-9B53-7337B6AF02D6}"
EndProject
Project("{FAE04EC0-301F-11D3-BF4B-00C04F79EFBC}") = "ClaseVeintiUno.Library", "ClaseVeintiUno\ClaseVeintiUno.Library.csproj", "{159890BC-3179-41EA-8532-6D4CD797A3ED}"
EndProject
Project("{FAE04EC0-301F-11D3-BF4B-00C04F79EFBC}") = "ClaseVeintiuno.Consola", "ClaseVeintiuno.Consola\ClaseVeintiuno.Consola.csproj", "{12DE248C-EEE8-44A0-B822-6A43C572D6D4}"
EndProject
Project("{FAE04EC0-301F-11D3-BF4B-00C04F79EFBC}") = "ClaseVeintiUno.WForm", "ClaseVeintiUno.WForm\ClaseVeintiUno.WForm.csproj", "{144909A4-3A26-4CC9-B229-22EFE3CB7CE6}"
EndProject
Project("{FAE04EC0-301F-11D3-BF4B-00C04F79EFBC}") = "ClaseVeintiDos.Library", "ClaseVientiDos.Library\ClaseVeintiDos.Library.csproj", "{A0B03854-AE22-40FC-B9F3-578EAA319B6B}"
EndProject
Project("{FAE04EC0-301F-11D3-BF4B-00C04F79EFBC}") = "ClaseVeintiDos.WForm", "ClaseVeintiDos.WForm\ClaseVeintiDos.WForm.csproj", "{5AF1BED6-DD3A-48A4-BC1B-8797EA0D3FE0}"
EndProject
Global
	GlobalSection(SolutionConfigurationPlatforms) = preSolution
		Debug|Any CPU = Debug|Any CPU
		Release|Any CPU = Release|Any CPU
	EndGlobalSection
	GlobalSection(ProjectConfigurationPlatforms) = postSolution
		{3616B8DE-2272-4997-9977-90A784BF43B7}.Debug|Any CPU.ActiveCfg = Debug|Any CPU
		{3616B8DE-2272-4997-9977-90A784BF43B7}.Debug|Any CPU.Build.0 = Debug|Any CPU
		{3616B8DE-2272-4997-9977-90A784BF43B7}.Release|Any CPU.ActiveCfg = Release|Any CPU
		{3616B8DE-2272-4997-9977-90A784BF43B7}.Release|Any CPU.Build.0 = Release|Any CPU
		{83476CC7-9C69-472D-8509-1E20211972EC}.Debug|Any CPU.ActiveCfg = Debug|Any CPU
		{83476CC7-9C69-472D-8509-1E20211972EC}.Debug|Any CPU.Build.0 = Debug|Any CPU
		{83476CC7-9C69-472D-8509-1E20211972EC}.Release|Any CPU.ActiveCfg = Release|Any CPU
		{83476CC7-9C69-472D-8509-1E20211972EC}.Release|Any CPU.Build.0 = Release|Any CPU
		{C70DC809-6A43-4AE3-8A7B-39EFF66577EC}.Debug|Any CPU.ActiveCfg = Debug|Any CPU
		{C70DC809-6A43-4AE3-8A7B-39EFF66577EC}.Debug|Any CPU.Build.0 = Debug|Any CPU
		{C70DC809-6A43-4AE3-8A7B-39EFF66577EC}.Release|Any CPU.ActiveCfg = Release|Any CPU
		{C70DC809-6A43-4AE3-8A7B-39EFF66577EC}.Release|Any CPU.Build.0 = Release|Any CPU
		{038BC2CF-802F-4E7E-97B9-D07284E7B985}.Debug|Any CPU.ActiveCfg = Debug|Any CPU
		{038BC2CF-802F-4E7E-97B9-D07284E7B985}.Debug|Any CPU.Build.0 = Debug|Any CPU
		{038BC2CF-802F-4E7E-97B9-D07284E7B985}.Release|Any CPU.ActiveCfg = Release|Any CPU
		{038BC2CF-802F-4E7E-97B9-D07284E7B985}.Release|Any CPU.Build.0 = Release|Any CPU
		{64C4E999-B77E-4A69-8457-416EE8920403}.Debug|Any CPU.ActiveCfg = Debug|Any CPU
		{64C4E999-B77E-4A69-8457-416EE8920403}.Debug|Any CPU.Build.0 = Debug|Any CPU
		{64C4E999-B77E-4A69-8457-416EE8920403}.Release|Any CPU.ActiveCfg = Release|Any CPU
		{64C4E999-B77E-4A69-8457-416EE8920403}.Release|Any CPU.Build.0 = Release|Any CPU
		{101CE6FC-CFDD-47BF-8E21-4E0F4EAA17AB}.Debug|Any CPU.ActiveCfg = Debug|Any CPU
		{101CE6FC-CFDD-47BF-8E21-4E0F4EAA17AB}.Debug|Any CPU.Build.0 = Debug|Any CPU
		{101CE6FC-CFDD-47BF-8E21-4E0F4EAA17AB}.Release|Any CPU.ActiveCfg = Release|Any CPU
		{101CE6FC-CFDD-47BF-8E21-4E0F4EAA17AB}.Release|Any CPU.Build.0 = Release|Any CPU
		{CCE2E479-511C-4D6F-8EED-1A9E287294DC}.Debug|Any CPU.ActiveCfg = Debug|Any CPU
		{CCE2E479-511C-4D6F-8EED-1A9E287294DC}.Debug|Any CPU.Build.0 = Debug|Any CPU
		{CCE2E479-511C-4D6F-8EED-1A9E287294DC}.Release|Any CPU.ActiveCfg = Release|Any CPU
		{CCE2E479-511C-4D6F-8EED-1A9E287294DC}.Release|Any CPU.Build.0 = Release|Any CPU
		{8AE9EA3E-6676-4A48-8535-D9BEEC7D1250}.Debug|Any CPU.ActiveCfg = Debug|Any CPU
		{8AE9EA3E-6676-4A48-8535-D9BEEC7D1250}.Debug|Any CPU.Build.0 = Debug|Any CPU
		{8AE9EA3E-6676-4A48-8535-D9BEEC7D1250}.Release|Any CPU.ActiveCfg = Release|Any CPU
		{8AE9EA3E-6676-4A48-8535-D9BEEC7D1250}.Release|Any CPU.Build.0 = Release|Any CPU
		{787AC469-E779-421F-A708-7488AAC8F9B7}.Debug|Any CPU.ActiveCfg = Debug|Any CPU
		{787AC469-E779-421F-A708-7488AAC8F9B7}.Debug|Any CPU.Build.0 = Debug|Any CPU
		{787AC469-E779-421F-A708-7488AAC8F9B7}.Release|Any CPU.ActiveCfg = Release|Any CPU
		{787AC469-E779-421F-A708-7488AAC8F9B7}.Release|Any CPU.Build.0 = Release|Any CPU
		{09A9918D-F516-4753-943F-A3868C4255BC}.Debug|Any CPU.ActiveCfg = Debug|Any CPU
		{09A9918D-F516-4753-943F-A3868C4255BC}.Debug|Any CPU.Build.0 = Debug|Any CPU
		{09A9918D-F516-4753-943F-A3868C4255BC}.Release|Any CPU.ActiveCfg = Release|Any CPU
		{09A9918D-F516-4753-943F-A3868C4255BC}.Release|Any CPU.Build.0 = Release|Any CPU
		{E30564CC-6EA2-45B1-AD78-4A28C3999EB8}.Debug|Any CPU.ActiveCfg = Debug|Any CPU
		{E30564CC-6EA2-45B1-AD78-4A28C3999EB8}.Debug|Any CPU.Build.0 = Debug|Any CPU
		{E30564CC-6EA2-45B1-AD78-4A28C3999EB8}.Release|Any CPU.ActiveCfg = Release|Any CPU
		{E30564CC-6EA2-45B1-AD78-4A28C3999EB8}.Release|Any CPU.Build.0 = Release|Any CPU
		{AFA34AE0-942F-4A1A-85FC-28E94AACA605}.Debug|Any CPU.ActiveCfg = Debug|Any CPU
		{AFA34AE0-942F-4A1A-85FC-28E94AACA605}.Debug|Any CPU.Build.0 = Debug|Any CPU
		{AFA34AE0-942F-4A1A-85FC-28E94AACA605}.Release|Any CPU.ActiveCfg = Release|Any CPU
		{AFA34AE0-942F-4A1A-85FC-28E94AACA605}.Release|Any CPU.Build.0 = Release|Any CPU
		{9C127181-9D8C-4D0A-8A53-C66D8C0F8480}.Debug|Any CPU.ActiveCfg = Debug|Any CPU
		{9C127181-9D8C-4D0A-8A53-C66D8C0F8480}.Debug|Any CPU.Build.0 = Debug|Any CPU
		{9C127181-9D8C-4D0A-8A53-C66D8C0F8480}.Release|Any CPU.ActiveCfg = Release|Any CPU
		{9C127181-9D8C-4D0A-8A53-C66D8C0F8480}.Release|Any CPU.Build.0 = Release|Any CPU
		{9F39B620-A444-4784-9E54-387A36D1ACA9}.Debug|Any CPU.ActiveCfg = Debug|Any CPU
		{9F39B620-A444-4784-9E54-387A36D1ACA9}.Debug|Any CPU.Build.0 = Debug|Any CPU
		{9F39B620-A444-4784-9E54-387A36D1ACA9}.Release|Any CPU.ActiveCfg = Release|Any CPU
		{9F39B620-A444-4784-9E54-387A36D1ACA9}.Release|Any CPU.Build.0 = Release|Any CPU
		{CBB2F1A6-03D5-4475-A979-D7833DB7932F}.Debug|Any CPU.ActiveCfg = Debug|Any CPU
		{CBB2F1A6-03D5-4475-A979-D7833DB7932F}.Debug|Any CPU.Build.0 = Debug|Any CPU
		{CBB2F1A6-03D5-4475-A979-D7833DB7932F}.Release|Any CPU.ActiveCfg = Release|Any CPU
		{CBB2F1A6-03D5-4475-A979-D7833DB7932F}.Release|Any CPU.Build.0 = Release|Any CPU
		{01C9F46F-A3E6-465B-B017-71E7471E14B3}.Debug|Any CPU.ActiveCfg = Debug|Any CPU
		{01C9F46F-A3E6-465B-B017-71E7471E14B3}.Debug|Any CPU.Build.0 = Debug|Any CPU
		{01C9F46F-A3E6-465B-B017-71E7471E14B3}.Release|Any CPU.ActiveCfg = Release|Any CPU
		{01C9F46F-A3E6-465B-B017-71E7471E14B3}.Release|Any CPU.Build.0 = Release|Any CPU
		{2EF66B5D-7A5A-42E8-998E-8FC465ABA6A6}.Debug|Any CPU.ActiveCfg = Debug|Any CPU
		{2EF66B5D-7A5A-42E8-998E-8FC465ABA6A6}.Debug|Any CPU.Build.0 = Debug|Any CPU
		{2EF66B5D-7A5A-42E8-998E-8FC465ABA6A6}.Release|Any CPU.ActiveCfg = Release|Any CPU
		{2EF66B5D-7A5A-42E8-998E-8FC465ABA6A6}.Release|Any CPU.Build.0 = Release|Any CPU
		{68BF14FA-5FB0-46F1-96D0-69411AB86F8C}.Debug|Any CPU.ActiveCfg = Debug|Any CPU
		{68BF14FA-5FB0-46F1-96D0-69411AB86F8C}.Debug|Any CPU.Build.0 = Debug|Any CPU
		{68BF14FA-5FB0-46F1-96D0-69411AB86F8C}.Release|Any CPU.ActiveCfg = Release|Any CPU
		{68BF14FA-5FB0-46F1-96D0-69411AB86F8C}.Release|Any CPU.Build.0 = Release|Any CPU
		{7B82AD45-81C6-4E35-A9ED-44EA0267BEFD}.Debug|Any CPU.ActiveCfg = Debug|Any CPU
		{7B82AD45-81C6-4E35-A9ED-44EA0267BEFD}.Debug|Any CPU.Build.0 = Debug|Any CPU
		{7B82AD45-81C6-4E35-A9ED-44EA0267BEFD}.Release|Any CPU.ActiveCfg = Release|Any CPU
		{7B82AD45-81C6-4E35-A9ED-44EA0267BEFD}.Release|Any CPU.Build.0 = Release|Any CPU
		{BFA22963-D046-4885-9FB8-0BFCA67109D4}.Debug|Any CPU.ActiveCfg = Debug|Any CPU
		{BFA22963-D046-4885-9FB8-0BFCA67109D4}.Debug|Any CPU.Build.0 = Debug|Any CPU
		{BFA22963-D046-4885-9FB8-0BFCA67109D4}.Release|Any CPU.ActiveCfg = Release|Any CPU
		{BFA22963-D046-4885-9FB8-0BFCA67109D4}.Release|Any CPU.Build.0 = Release|Any CPU
		{250E0E1D-F862-44DA-A3F2-98F9498F29E4}.Debug|Any CPU.ActiveCfg = Debug|Any CPU
		{250E0E1D-F862-44DA-A3F2-98F9498F29E4}.Debug|Any CPU.Build.0 = Debug|Any CPU
		{250E0E1D-F862-44DA-A3F2-98F9498F29E4}.Release|Any CPU.ActiveCfg = Release|Any CPU
		{250E0E1D-F862-44DA-A3F2-98F9498F29E4}.Release|Any CPU.Build.0 = Release|Any CPU
		{5E910094-295E-403F-93AD-35CFFB14ECA7}.Debug|Any CPU.ActiveCfg = Debug|Any CPU
		{5E910094-295E-403F-93AD-35CFFB14ECA7}.Debug|Any CPU.Build.0 = Debug|Any CPU
		{5E910094-295E-403F-93AD-35CFFB14ECA7}.Release|Any CPU.ActiveCfg = Release|Any CPU
		{5E910094-295E-403F-93AD-35CFFB14ECA7}.Release|Any CPU.Build.0 = Release|Any CPU
		{3719A114-4005-42A5-B59E-8869A21DC43F}.Debug|Any CPU.ActiveCfg = Debug|Any CPU
		{3719A114-4005-42A5-B59E-8869A21DC43F}.Debug|Any CPU.Build.0 = Debug|Any CPU
		{3719A114-4005-42A5-B59E-8869A21DC43F}.Release|Any CPU.ActiveCfg = Release|Any CPU
		{3719A114-4005-42A5-B59E-8869A21DC43F}.Release|Any CPU.Build.0 = Release|Any CPU
		{019B9DD9-0735-443B-822F-ABAE44F1241E}.Debug|Any CPU.ActiveCfg = Debug|Any CPU
		{019B9DD9-0735-443B-822F-ABAE44F1241E}.Debug|Any CPU.Build.0 = Debug|Any CPU
		{019B9DD9-0735-443B-822F-ABAE44F1241E}.Release|Any CPU.ActiveCfg = Release|Any CPU
		{019B9DD9-0735-443B-822F-ABAE44F1241E}.Release|Any CPU.Build.0 = Release|Any CPU
		{D9C2E38D-7119-4118-9C7D-BC349AE46502}.Debug|Any CPU.ActiveCfg = Debug|Any CPU
		{D9C2E38D-7119-4118-9C7D-BC349AE46502}.Debug|Any CPU.Build.0 = Debug|Any CPU
		{D9C2E38D-7119-4118-9C7D-BC349AE46502}.Release|Any CPU.ActiveCfg = Release|Any CPU
		{D9C2E38D-7119-4118-9C7D-BC349AE46502}.Release|Any CPU.Build.0 = Release|Any CPU
		{67DEA946-551B-4E68-A3E1-1120AB5DCBFF}.Debug|Any CPU.ActiveCfg = Debug|Any CPU
		{67DEA946-551B-4E68-A3E1-1120AB5DCBFF}.Debug|Any CPU.Build.0 = Debug|Any CPU
		{67DEA946-551B-4E68-A3E1-1120AB5DCBFF}.Release|Any CPU.ActiveCfg = Release|Any CPU
		{67DEA946-551B-4E68-A3E1-1120AB5DCBFF}.Release|Any CPU.Build.0 = Release|Any CPU
		{EEE86EAE-0968-4E76-B533-FFE1EBD0F610}.Debug|Any CPU.ActiveCfg = Debug|Any CPU
		{EEE86EAE-0968-4E76-B533-FFE1EBD0F610}.Debug|Any CPU.Build.0 = Debug|Any CPU
		{EEE86EAE-0968-4E76-B533-FFE1EBD0F610}.Release|Any CPU.ActiveCfg = Release|Any CPU
		{EEE86EAE-0968-4E76-B533-FFE1EBD0F610}.Release|Any CPU.Build.0 = Release|Any CPU
		{69A8E7B3-C087-4B5D-B23A-8B1706CA431D}.Debug|Any CPU.ActiveCfg = Debug|Any CPU
		{69A8E7B3-C087-4B5D-B23A-8B1706CA431D}.Debug|Any CPU.Build.0 = Debug|Any CPU
		{69A8E7B3-C087-4B5D-B23A-8B1706CA431D}.Release|Any CPU.ActiveCfg = Release|Any CPU
		{69A8E7B3-C087-4B5D-B23A-8B1706CA431D}.Release|Any CPU.Build.0 = Release|Any CPU
		{E4D1A243-8B26-4152-BCEC-E452E259C134}.Debug|Any CPU.ActiveCfg = Debug|Any CPU
		{E4D1A243-8B26-4152-BCEC-E452E259C134}.Debug|Any CPU.Build.0 = Debug|Any CPU
		{E4D1A243-8B26-4152-BCEC-E452E259C134}.Release|Any CPU.ActiveCfg = Release|Any CPU
		{E4D1A243-8B26-4152-BCEC-E452E259C134}.Release|Any CPU.Build.0 = Release|Any CPU
		{AC92071C-4146-410C-9623-565E5520C3F9}.Debug|Any CPU.ActiveCfg = Debug|Any CPU
		{AC92071C-4146-410C-9623-565E5520C3F9}.Debug|Any CPU.Build.0 = Debug|Any CPU
		{AC92071C-4146-410C-9623-565E5520C3F9}.Release|Any CPU.ActiveCfg = Release|Any CPU
		{AC92071C-4146-410C-9623-565E5520C3F9}.Release|Any CPU.Build.0 = Release|Any CPU
		{CC43506A-80B7-473A-9B53-7337B6AF02D6}.Debug|Any CPU.ActiveCfg = Debug|Any CPU
		{CC43506A-80B7-473A-9B53-7337B6AF02D6}.Debug|Any CPU.Build.0 = Debug|Any CPU
		{CC43506A-80B7-473A-9B53-7337B6AF02D6}.Release|Any CPU.ActiveCfg = Release|Any CPU
		{CC43506A-80B7-473A-9B53-7337B6AF02D6}.Release|Any CPU.Build.0 = Release|Any CPU
		{159890BC-3179-41EA-8532-6D4CD797A3ED}.Debug|Any CPU.ActiveCfg = Debug|Any CPU
		{159890BC-3179-41EA-8532-6D4CD797A3ED}.Debug|Any CPU.Build.0 = Debug|Any CPU
		{159890BC-3179-41EA-8532-6D4CD797A3ED}.Release|Any CPU.ActiveCfg = Release|Any CPU
		{159890BC-3179-41EA-8532-6D4CD797A3ED}.Release|Any CPU.Build.0 = Release|Any CPU
		{12DE248C-EEE8-44A0-B822-6A43C572D6D4}.Debug|Any CPU.ActiveCfg = Debug|Any CPU
		{12DE248C-EEE8-44A0-B822-6A43C572D6D4}.Debug|Any CPU.Build.0 = Debug|Any CPU
		{12DE248C-EEE8-44A0-B822-6A43C572D6D4}.Release|Any CPU.ActiveCfg = Release|Any CPU
		{12DE248C-EEE8-44A0-B822-6A43C572D6D4}.Release|Any CPU.Build.0 = Release|Any CPU
		{144909A4-3A26-4CC9-B229-22EFE3CB7CE6}.Debug|Any CPU.ActiveCfg = Debug|Any CPU
		{144909A4-3A26-4CC9-B229-22EFE3CB7CE6}.Debug|Any CPU.Build.0 = Debug|Any CPU
		{144909A4-3A26-4CC9-B229-22EFE3CB7CE6}.Release|Any CPU.ActiveCfg = Release|Any CPU
		{144909A4-3A26-4CC9-B229-22EFE3CB7CE6}.Release|Any CPU.Build.0 = Release|Any CPU
		{A0B03854-AE22-40FC-B9F3-578EAA319B6B}.Debug|Any CPU.ActiveCfg = Debug|Any CPU
		{A0B03854-AE22-40FC-B9F3-578EAA319B6B}.Debug|Any CPU.Build.0 = Debug|Any CPU
		{A0B03854-AE22-40FC-B9F3-578EAA319B6B}.Release|Any CPU.ActiveCfg = Release|Any CPU
		{A0B03854-AE22-40FC-B9F3-578EAA319B6B}.Release|Any CPU.Build.0 = Release|Any CPU
		{5AF1BED6-DD3A-48A4-BC1B-8797EA0D3FE0}.Debug|Any CPU.ActiveCfg = Debug|Any CPU
		{5AF1BED6-DD3A-48A4-BC1B-8797EA0D3FE0}.Debug|Any CPU.Build.0 = Debug|Any CPU
		{5AF1BED6-DD3A-48A4-BC1B-8797EA0D3FE0}.Release|Any CPU.ActiveCfg = Release|Any CPU
		{5AF1BED6-DD3A-48A4-BC1B-8797EA0D3FE0}.Release|Any CPU.Build.0 = Release|Any CPU
	EndGlobalSection
	GlobalSection(SolutionProperties) = preSolution
		HideSolutionNode = FALSE
	EndGlobalSection
	GlobalSection(ExtensibilityGlobals) = postSolution
		SolutionGuid = {A2CB53D4-E648-476D-A351-4C352D646BD8}
	EndGlobalSection
EndGlobal
