
Microsoft Visual Studio Solution File, Format Version 12.00
# Visual Studio 2012
Project("{FAE04EC0-301F-11D3-BF4B-00C04F79EFBC}") = "ClaseTres", "ClaseTres\ClaseTres.csproj", "{C70DC809-6A43-4AE3-8A7B-39EFF66577EC}"
EndProject
Project("{FAE04EC0-301F-11D3-BF4B-00C04F79EFBC}") = "EjercicioDieciseis", "EjercicioDieciseis\EjercicioDieciseis.csproj", "{5F63580A-0277-4374-A5E1-9E9005DDC848}"
EndProject
Global
	GlobalSection(SolutionConfigurationPlatforms) = preSolution
		Debug|Any CPU = Debug|Any CPU
		Release|Any CPU = Release|Any CPU
	EndGlobalSection
	GlobalSection(ProjectConfigurationPlatforms) = postSolution
		{C70DC809-6A43-4AE3-8A7B-39EFF66577EC}.Debug|Any CPU.ActiveCfg = Debug|Any CPU
		{C70DC809-6A43-4AE3-8A7B-39EFF66577EC}.Debug|Any CPU.Build.0 = Debug|Any CPU
		{C70DC809-6A43-4AE3-8A7B-39EFF66577EC}.Release|Any CPU.ActiveCfg = Release|Any CPU
		{C70DC809-6A43-4AE3-8A7B-39EFF66577EC}.Release|Any CPU.Build.0 = Release|Any CPU
		{5F63580A-0277-4374-A5E1-9E9005DDC848}.Debug|Any CPU.ActiveCfg = Debug|Any CPU
		{5F63580A-0277-4374-A5E1-9E9005DDC848}.Debug|Any CPU.Build.0 = Debug|Any CPU
		{5F63580A-0277-4374-A5E1-9E9005DDC848}.Release|Any CPU.ActiveCfg = Release|Any CPU
		{5F63580A-0277-4374-A5E1-9E9005DDC848}.Release|Any CPU.Build.0 = Release|Any CPU
	EndGlobalSection
	GlobalSection(SolutionProperties) = preSolution
		HideSolutionNode = FALSE
	EndGlobalSection
EndGlobal
